
Microsoft Visual Studio Solution File, Format Version 12.00
# Visual Studio 14
VisualStudioVersion = 14.0.25420.1
MinimumVisualStudioVersion = 10.0.40219.1
Project("{FAE04EC0-301F-11D3-BF4B-00C04F79EFBC}") = "ASYC AWAT TEST", "ASYC AWAT TEST\ASYC AWAT TEST.csproj", "{3A3B7CC5-E91D-4D75-B0E7-84FE2D035A97}"
	ProjectSection(ProjectDependencies) = postProject
		{B2CD4505-A1AB-4AB2-AAB6-CBB0F5C6F000} = {B2CD4505-A1AB-4AB2-AAB6-CBB0F5C6F000}
	EndProjectSection
EndProject
Project("{FAE04EC0-301F-11D3-BF4B-00C04F79EFBC}") = "WcfService1", "WcfService1\WcfService1.csproj", "{B2CD4505-A1AB-4AB2-AAB6-CBB0F5C6F000}"
EndProject
Global
	GlobalSection(SolutionConfigurationPlatforms) = preSolution
		Debug|Any CPU = Debug|Any CPU
		Release|Any CPU = Release|Any CPU
	EndGlobalSection
	GlobalSection(ProjectConfigurationPlatforms) = postSolution
		{3A3B7CC5-E91D-4D75-B0E7-84FE2D035A97}.Debug|Any CPU.ActiveCfg = Debug|Any CPU
		{3A3B7CC5-E91D-4D75-B0E7-84FE2D035A97}.Debug|Any CPU.Build.0 = Debug|Any CPU
		{3A3B7CC5-E91D-4D75-B0E7-84FE2D035A97}.Release|Any CPU.ActiveCfg = Release|Any CPU
		{3A3B7CC5-E91D-4D75-B0E7-84FE2D035A97}.Release|Any CPU.Build.0 = Release|Any CPU
		{B2CD4505-A1AB-4AB2-AAB6-CBB0F5C6F000}.Debug|Any CPU.ActiveCfg = Debug|Any CPU
		{B2CD4505-A1AB-4AB2-AAB6-CBB0F5C6F000}.Debug|Any CPU.Build.0 = Debug|Any CPU
		{B2CD4505-A1AB-4AB2-AAB6-CBB0F5C6F000}.Release|Any CPU.ActiveCfg = Release|Any CPU
		{B2CD4505-A1AB-4AB2-AAB6-CBB0F5C6F000}.Release|Any CPU.Build.0 = Release|Any CPU
	EndGlobalSection
	GlobalSection(SolutionProperties) = preSolution
		HideSolutionNode = FALSE
	EndGlobalSection
EndGlobal
